
Microsoft Visual Studio Solution File, Format Version 12.00
# Visual Studio Version 17
VisualStudioVersion = 17.8.34322.80
MinimumVisualStudioVersion = 10.0.40219.1
Project("{FAE04EC0-301F-11D3-BF4B-00C04F79EFBC}") = "componentes", "componentes\componentes.csproj", "{D3F057D0-BCA9-478B-9C43-B79C656FBC53}"
EndProject
Global
	GlobalSection(SolutionConfigurationPlatforms) = preSolution
		Debug|Any CPU = Debug|Any CPU
		Release|Any CPU = Release|Any CPU
	EndGlobalSection
	GlobalSection(ProjectConfigurationPlatforms) = postSolution
		{D3F057D0-BCA9-478B-9C43-B79C656FBC53}.Debug|Any CPU.ActiveCfg = Debug|Any CPU
		{D3F057D0-BCA9-478B-9C43-B79C656FBC53}.Debug|Any CPU.Build.0 = Debug|Any CPU
		{D3F057D0-BCA9-478B-9C43-B79C656FBC53}.Release|Any CPU.ActiveCfg = Release|Any CPU
		{D3F057D0-BCA9-478B-9C43-B79C656FBC53}.Release|Any CPU.Build.0 = Release|Any CPU
	EndGlobalSection
	GlobalSection(SolutionProperties) = preSolution
		HideSolutionNode = FALSE
	EndGlobalSection
	GlobalSection(ExtensibilityGlobals) = postSolution
		SolutionGuid = {FC6E3389-90CF-4327-8748-C08827440A31}
	EndGlobalSection
EndGlobal
